PODS:
  - lottie-ios (2.5.3)
  - neovmUtils (0.2.2):
    - RyuCrypto (~> 0.0.1)
  - NetworkUtils (0.2.0):
    - PromisesSwift
  - Particles (0.1.1)
  - PromisesObjC (1.2.7)
  - PromisesSwift (1.2.7):
    - PromisesObjC (= 1.2.7)
  - Ryu (1.0.0):
    - lottie-ios
    - neovmUtils
    - NetworkUtils
    - Particles
    - Socket.IO-Client-Swift (~> 13.3.0)
  - RyuCrypto (0.0.1)
  - Socket.IO-Client-Swift (13.3.1):
    - Starscream (~> 3.0.2)
  - Starscream (3.0.6)

DEPENDENCIES:
  - Ryu (from `./`)

SPEC REPOS:
  https://github.com/cocoapods/specs.git:
    - lottie-ios
    - neovmUtils
    - NetworkUtils
    - Particles
    - PromisesObjC
    - PromisesSwift
    - RyuCrypto
    - Socket.IO-Client-Swift
    - Starscream

EXTERNAL SOURCES:
  Ryu:
    :path: "./"

SPEC CHECKSUMS:
  lottie-ios: a50d5c0160425cd4b01b852bb9578963e6d92d31
  neovmUtils: cd61dd06d379483a324a38a1b5a2c01edfced922
  NetworkUtils: 17e822122f0f21fb6f1ec84c27a95562e14afca6
  Particles: c3bfe3d0c52cb46be509c327dc1b39e9ed210297
  PromisesObjC: 7b28ddd1e78cce8f80f1ada927d2217663a9c672
  PromisesSwift: b27f410f9ea693753cfd4cfd8ac1c60a471f137b
  Ryu: d61cc421f4a268814cc214d51c6279232881a3dc
  RyuCrypto: 4395cd6eba1e291c5ad6b819feb73bc35cdd9402
  Socket.IO-Client-Swift: 79f8f85fa44881838175a20f9bd2c32bef2c9d37
  Starscream: ef3ece99d765eeccb67de105bfa143f929026cf5

PODFILE CHECKSUM: 018bd27b194dc64330a12699877578a399fb300d

COCOAPODS: 1.5.3
