PODS:
  - lottie-ios (3.0.3)
  - neovmUtils (1.7.0):
    - NetworkUtils (= 1.0.0)
    - RyuCrypto (= 0.0.1)
  - NetworkUtils (1.0.0):
    - SwiftPromises (= 1.0.1)
  - PhoneNumberKit (3.0.0):
    - PhoneNumberKit/PhoneNumberKitCore (= 3.0.0)
    - PhoneNumberKit/UIKit (= 3.0.0)
  - PhoneNumberKit/PhoneNumberKitCore (3.0.0)
  - PhoneNumberKit/UIKit (3.0.0):
    - PhoneNumberKit/PhoneNumberKitCore
  - Ryu (1.8.1):
    - lottie-ios (= 3.0.3)
    - neovmUtils (= 1.7.0)
    - PhoneNumberKit (= 3.0)
  - RyuCrypto (0.0.1)
  - SwiftPromises (1.0.1)

DEPENDENCIES:
  - Ryu (from `./`)

SPEC REPOS:
  trunk:
    - lottie-ios
    - neovmUtils
    - NetworkUtils
    - PhoneNumberKit
    - RyuCrypto
    - SwiftPromises

EXTERNAL SOURCES:
  Ryu:
    :path: "./"

SPEC CHECKSUMS:
  lottie-ios: 06e0b54aab85ba128e332687d7f4ac4861a7a7ae
  neovmUtils: 0a8b81c691b5ea314155404de5de7aa05ce62a78
  NetworkUtils: 09ce7a4abb4916c7458f8861fe12c4869ef3e284
  PhoneNumberKit: 86019c972ef6904bcad11b46a6b8a91184d51117
  Ryu: e837a41e555c236ad767802e29ab1e57c6ca1db9
  RyuCrypto: 4395cd6eba1e291c5ad6b819feb73bc35cdd9402
  SwiftPromises: 8c7a2930dafb459e679af48ea667cc067fba9692

PODFILE CHECKSUM: 116e3353cd1dafbffdca051ba81aedd7e538f2c9

COCOAPODS: 1.8.0
