PODS:
  - lottie-ios (3.0.3)
  - neovmUtils (0.4.3):
    - RyuCrypto (~> 0.0.1)
  - NetworkUtils (0.3.1):
    - PromisesSwift
  - Particles (0.2.0)
  - PromisesObjC (1.2.8)
  - PromisesSwift (1.2.8):
    - PromisesObjC (= 1.2.8)
  - Ryu (1.1.5):
    - lottie-ios (= 3.0.3)
    - neovmUtils (= 0.4.3)
    - NetworkUtils (= 0.3.1)
    - Particles (= 0.2.0)
    - Socket.IO-Client-Swift (= 14.0.0)
  - RyuCrypto (0.0.1)
  - Socket.IO-Client-Swift (14.0.0):
    - Starscream (~> 3.0.6)
  - Starscream (3.0.6)

DEPENDENCIES:
  - Ryu (from `./`)

SPEC REPOS:
  https://github.com/cocoapods/specs.git:
    - lottie-ios
    - neovmUtils
    - NetworkUtils
    - Particles
    - PromisesObjC
    - PromisesSwift
    - RyuCrypto
    - Socket.IO-Client-Swift
    - Starscream

EXTERNAL SOURCES:
  Ryu:
    :path: "./"

SPEC CHECKSUMS:
  lottie-ios: 06e0b54aab85ba128e332687d7f4ac4861a7a7ae
  neovmUtils: 30d66cd52d5eea9414bdc0bf248849d05bc9160d
  NetworkUtils: 9882f6cae57f04c3061678c86b85d5494cfd9855
  Particles: 56025680e7832f2c824d91066e2be4e2f45c3437
  PromisesObjC: c119f3cd559f50b7ae681fa59dc1acd19173b7e6
  PromisesSwift: 37bad6f4daddb02f7c9c531efe91e8b21c13ee2f
  Ryu: 1982ef50da5d051f35065cd6cce931f5ff2ab014
  RyuCrypto: 4395cd6eba1e291c5ad6b819feb73bc35cdd9402
  Socket.IO-Client-Swift: 21e6a8a23a7d367d5ddfab6cbbd3c679cf3c25d6
  Starscream: ef3ece99d765eeccb67de105bfa143f929026cf5

PODFILE CHECKSUM: b50329529a6a33fcb4706a8eec247b2fa52e1aaa

COCOAPODS: 1.6.1
